{
  "nodes": {
    "brew-src": {
      "flake": false,
      "locked": {
        "lastModified": 1758543057,
        "narHash": "sha256-lw3V2jOGYphUFHYQ5oARcb6urlbNpUCLJy1qhsGdUmc=",
        "owner": "Homebrew",
        "repo": "brew",
        "rev": "5b236456eb93133c2bd0d60ef35ed63f1c0712f6",
        "type": "github"
      },
      "original": {
        "owner": "Homebrew",
        "ref": "4.6.12",
        "repo": "brew",
        "type": "github"
      }
    },
    "darwin": {
      "inputs": {
        "nixpkgs": [
          "nixpkgs"
        ]
      },
      "locked": {
        "lastModified": 1759509947,
        "narHash": "sha256-4XifSIHfpJKcCf5bZZRhj8C4aCpjNBaE3kXr02s4rHU=",
        "owner": "LnL7",
        "repo": "nix-darwin",
        "rev": "000eadb231812ad6ea6aebd7526974aaf4e79355",
        "type": "github"
      },
      "original": {
        "owner": "LnL7",
        "ref": "nix-darwin-25.05",
        "repo": "nix-darwin",
        "type": "github"
      }
    },
    "fish-z": {
      "flake": false,
      "locked": {
        "lastModified": 1739459792,
        "narHash": "sha256-emmjTsqt8bdI5qpx1bAzhVACkg0MNB/uffaRjjeuFxU=",
        "owner": "jethrokuan",
        "repo": "z",
        "rev": "067e867debee59aee231e789fc4631f80fa5788e",
        "type": "github"
      },
      "original": {
        "owner": "jethrokuan",
        "repo": "z",
        "type": "github"
      }
    },
    "home-manager": {
      "inputs": {
        "nixpkgs": [
          "nixpkgs"
        ]
      },
      "locked": {
        "lastModified": 1758463745,
        "narHash": "sha256-uhzsV0Q0I9j2y/rfweWeGif5AWe0MGrgZ/3TjpDYdGA=",
        "owner": "nix-community",
        "repo": "home-manager",
        "rev": "3b955f5f0a942f9f60cdc9cacb7844335d0f21c3",
        "type": "github"
      },
      "original": {
        "owner": "nix-community",
        "ref": "release-25.05",
        "repo": "home-manager",
        "type": "github"
      }
    },
    "homebrew-bundle": {
      "flake": false,
      "locked": {
        "lastModified": 1745335228,
        "narHash": "sha256-TIKR2UgtyUmHLNZp255/vLs+1I10hXe+sciMEbAGFwE=",
        "owner": "homebrew",
        "repo": "homebrew-bundle",
        "rev": "a3265c84b232e13048ecbf6fc18a2eedfadbeb08",
        "type": "github"
      },
      "original": {
        "owner": "homebrew",
        "repo": "homebrew-bundle",
        "type": "github"
      }
    },
    "homebrew-cask": {
      "flake": false,
      "locked": {
        "lastModified": 1761162899,
        "narHash": "sha256-6LmSe8pV7TCj/IFmdlJrLawvvcqwCLn1fiBDF2JkKMg=",
        "owner": "homebrew",
        "repo": "homebrew-cask",
        "rev": "6e7d03d355a6bcaaf390e1f79c61e35a28db3588",
        "type": "github"
      },
      "original": {
        "owner": "homebrew",
        "repo": "homebrew-cask",
        "type": "github"
      }
    },
    "homebrew-core": {
      "flake": false,
      "locked": {
        "lastModified": 1761162209,
        "narHash": "sha256-4ZjOlMRTcdjJ9/m+IAk6NkZBWKz1+Jlab5ePupekJrc=",
        "owner": "homebrew",
        "repo": "homebrew-core",
        "rev": "8b3eb6b62353a95447e60fafa8eeae6c486a65fb",
        "type": "github"
      },
      "original": {
        "owner": "homebrew",
        "repo": "homebrew-core",
        "type": "github"
      }
    },
    "nix-homebrew": {
      "inputs": {
        "brew-src": "brew-src"
      },
      "locked": {
        "lastModified": 1758598228,
        "narHash": "sha256-qr60maXGbZ4FX5tejPRI3nr0bnRTnZ3AbbbfO6/6jq4=",
        "owner": "zhaofengli-wip",
        "repo": "nix-homebrew",
        "rev": "f36e5db56e117f7df701ab152d0d2036ea85218c",
        "type": "github"
      },
      "original": {
        "owner": "zhaofengli-wip",
        "repo": "nix-homebrew",
        "type": "github"
      }
    },
    "nixpkgs": {
      "locked": {
        "lastModified": 1761016216,
        "narHash": "sha256-G/iC4t/9j/52i/nm+0/4ybBmAF4hzR8CNHC75qEhjHo=",
        "owner": "nixos",
        "repo": "nixpkgs",
        "rev": "481cf557888e05d3128a76f14c76397b7d7cc869",
        "type": "github"
      },
      "original": {
        "owner": "nixos",
        "ref": "nixos-25.05",
        "repo": "nixpkgs",
        "type": "github"
      }
    },
    "nixpkgs-unstable": {
      "locked": {
        "lastModified": 1760965567,
        "narHash": "sha256-0JDOal5P7xzzAibvD0yTE3ptyvoVOAL0rcELmDdtSKg=",
        "owner": "nixos",
        "repo": "nixpkgs",
        "rev": "cb82756ecc37fa623f8cf3e88854f9bf7f64af93",
        "type": "github"
      },
      "original": {
        "owner": "nixos",
        "ref": "nixpkgs-unstable",
        "repo": "nixpkgs",
        "type": "github"
      }
    },
    "root": {
      "inputs": {
        "darwin": "darwin",
        "fish-z": "fish-z",
        "home-manager": "home-manager",
        "homebrew-bundle": "homebrew-bundle",
        "homebrew-cask": "homebrew-cask",
        "homebrew-core": "homebrew-core",
        "nix-homebrew": "nix-homebrew",
        "nixpkgs": "nixpkgs",
        "nixpkgs-unstable": "nixpkgs-unstable",
        "theme-bobthefish": "theme-bobthefish",
        "tilt-dev-tap": "tilt-dev-tap",
        "tiltbar-tap": "tiltbar-tap"
      }
    },
    "theme-bobthefish": {
      "flake": false,
      "locked": {
        "lastModified": 1727184317,
        "narHash": "sha256-cXOYvdn74H4rkMWSC7G6bT4wa9d3/3vRnKed2ixRnuA=",
        "owner": "oh-my-fish",
        "repo": "theme-bobthefish",
        "rev": "e3b4d4eafc23516e35f162686f08a42edf844e40",
        "type": "github"
      },
      "original": {
        "owner": "oh-my-fish",
        "repo": "theme-bobthefish",
        "type": "github"
      }
    },
    "tilt-dev-tap": {
      "flake": false,
      "locked": {
        "lastModified": 1759784181,
        "narHash": "sha256-NOPxZ7Ii7j/WODTEdub0ZNmBbhBBHxjEvkfgUIZ1wgY=",
        "owner": "tilt-dev",
        "repo": "homebrew-tap",
        "rev": "0e4a662d3494063c9f0a15d49cd0793d04388452",
        "type": "github"
      },
      "original": {
        "owner": "tilt-dev",
        "repo": "homebrew-tap",
        "type": "github"
      }
    },
    "tiltbar-tap": {
      "flake": false,
      "locked": {
        "lastModified": 1761162984,
        "narHash": "sha256-OxsxlKzPDO9g3AbOVoNojd1/TJCVlwGhqTVjrZ+03Zo=",
        "owner": "seriousben",
        "repo": "homebrew-tiltbar",
        "rev": "4f9826697a14935b567913924ad999cd5b8464a1",
        "type": "github"
      },
      "original": {
        "owner": "seriousben",
        "repo": "homebrew-tiltbar",
        "type": "github"
      }
    }
  },
  "root": "root",
  "version": 7
}
